{
  "name": "ai-powered-quality-engineering-with-cursor",
  "version": "1.0.0",
  "lockfileVersion": 3,
  "requires": true,
  "packages": {
    "": {
      "name": "ai-powered-quality-engineering-with-cursor",
      "version": "1.0.0",
      "license": "ISC",
      "bin": {
        "workshop": "bin/workshop.js"
      }
    }
  }
}
